// !$*UTF8*$!
{
	archiveVersion = 1;
	classes = {
	};
	objectVersion = 48;
	objects = {

/* Begin PBXBuildFile section */
		D71E9E4420331EAD00156EC9 /* AppDelegate.swift in Sources */ = {isa = PBXBuildFile; fileRef = D71E9E4320331EAD00156EC9 /* AppDelegate.swift */; };
		D71E9E4920331EAD00156EC9 /* Main.storyboard in Resources */ = {isa = PBXBuildFile; fileRef = D71E9E4720331EAD00156EC9 /* Main.storyboard */; };
		D71E9E4B20331EAD00156EC9 /* Assets.xcassets in Resources */ = {isa = PBXBuildFile; fileRef = D71E9E4A20331EAD00156EC9 /* Assets.xcassets */; };
		D71E9E4E20331EAD00156EC9 /* LaunchScreen.storyboard in Resources */ = {isa = PBXBuildFile; fileRef = D71E9E4C20331EAD00156EC9 /* LaunchScreen.storyboard */; };
		D71E9E5620331FAD00156EC9 /* ViedeoListScreen.swift in Sources */ = {isa = PBXBuildFile; fileRef = D71E9E5520331FAD00156EC9 /* ViedeoListScreen.swift */; };
		D71E9E5820332A2A00156EC9 /* VideoCell.swift in Sources */ = {isa = PBXBuildFile; fileRef = D71E9E5720332A2A00156EC9 /* VideoCell.swift */; };
		D71E9E5A2033511C00156EC9 /* Video.swift in Sources */ = {isa = PBXBuildFile; fileRef = D71E9E592033511C00156EC9 /* Video.swift */; };
/* End PBXBuildFile section */

/* Begin PBXFileReference section */
		D71E9E4020331EAD00156EC9 /* tableView exe1.app */ = {isa = PBXFileReference; explicitFileType = wrapper.application; includeInIndex = 0; path = "tableView exe1.app"; sourceTree = BUILT_PRODUCTS_DIR; };
		D71E9E4320331EAD00156EC9 /* AppDelegate.swift */ = {isa = PBXFileReference; lastKnownFileType = sourcecode.swift; path = AppDelegate.swift; sourceTree = "<group>"; };
		D71E9E4820331EAD00156EC9 /* Base */ = {isa = PBXFileReference; lastKnownFileType = file.storyboard; name = Base; path = Base.lproj/Main.storyboard; sourceTree = "<group>"; };
		D71E9E4A20331EAD00156EC9 /* Assets.xcassets */ = {isa = PBXFileReference; lastKnownFileType = folder.assetcatalog; path = Assets.xcassets; sourceTree = "<group>"; };
		D71E9E4D20331EAD00156EC9 /* Base */ = {isa = PBXFileReference; lastKnownFileType = file.storyboard; name = Base; path = Base.lproj/LaunchScreen.storyboard; sourceTree = "<group>"; };
		D71E9E4F20331EAD00156EC9 /* Info.plist */ = {isa = PBXFileReference; lastKnownFileType = text.plist.xml; path = Info.plist; sourceTree = "<group>"; };
		D71E9E5520331FAD00156EC9 /* ViedeoListScreen.swift */ = {isa = PBXFileReference; lastKnownFileType = sourcecode.swift; path = ViedeoListScreen.swift; sourceTree = "<group>"; };
		D71E9E5720332A2A00156EC9 /* VideoCell.swift */ = {isa = PBXFileReference; lastKnownFileType = sourcecode.swift; path = VideoCell.swift; sourceTree = "<group>"; };
		D71E9E592033511C00156EC9 /* Video.swift */ = {isa = PBXFileReference; lastKnownFileType = sourcecode.swift; path = Video.swift; sourceTree = "<group>"; };
/* End PBXFileReference section */

/* Begin PBXFrameworksBuildPhase section */
		D71E9E3D20331EAD00156EC9 /* Frameworks */ = {
			isa = PBXFrameworksBuildPhase;
			buildActionMask = 2147483647;
			files = (
			);
			runOnlyForDeploymentPostprocessing = 0;
		};
/* End PBXFrameworksBuildPhase section */

/* Begin PBXGroup section */
		D71E9E3720331EAD00156EC9 = {
			isa = PBXGroup;
			children = (
				D71E9E4220331EAD00156EC9 /* tableView exe1 */,
				D71E9E4120331EAD00156EC9 /* Products */,
			);
			sourceTree = "<group>";
		};
		D71E9E4120331EAD00156EC9 /* Products */ = {
			isa = PBXGroup;
			children = (
				D71E9E4020331EAD00156EC9 /* tableView exe1.app */,
			);
			name = Products;
			sourceTree = "<group>";
		};
		D71E9E4220331EAD00156EC9 /* tableView exe1 */ = {
			isa = PBXGroup;
			children = (
				D71E9E4320331EAD00156EC9 /* AppDelegate.swift */,
				D71E9E5520331FAD00156EC9 /* ViedeoListScreen.swift */,
				D71E9E5720332A2A00156EC9 /* VideoCell.swift */,
				D71E9E592033511C00156EC9 /* Video.swift */,
				D71E9E4720331EAD00156EC9 /* Main.storyboard */,
				D71E9E4A20331EAD00156EC9 /* Assets.xcassets */,
				D71E9E4C20331EAD00156EC9 /* LaunchScreen.storyboard */,
				D71E9E4F20331EAD00156EC9 /* Info.plist */,
			);
			path = "tableView exe1";
			sourceTree = "<group>";
		};
/* End PBXGroup section */

/* Begin PBXNativeTarget section */
		D71E9E3F20331EAD00156EC9 /* tableView exe1 */ = {
			isa = PBXNativeTarget;
			buildConfigurationList = D71E9E5220331EAD00156EC9 /* Build configuration list for PBXNativeTarget "tableView exe1" */;
			buildPhases = (
				D71E9E3C20331EAD00156EC9 /* Sources */,
				D71E9E3D20331EAD00156EC9 /* Frameworks */,
				D71E9E3E20331EAD00156EC9 /* Resources */,
			);
			buildRules = (
			);
			dependencies = (
			);
			name = "tableView exe1";
			productName = "tableView exe1";
			productReference = D71E9E4020331EAD00156EC9 /* tableView exe1.app */;
			productType = "com.apple.product-type.application";
		};
/* End PBXNativeTarget section */

/* Begin PBXProject section */
		D71E9E3820331EAD00156EC9 /* Project object */ = {
			isa = PBXProject;
			attributes = {
				LastSwiftUpdateCheck = 0920;
				LastUpgradeCheck = 0920;
				ORGANIZATIONNAME = Ishay;
				TargetAttributes = {
					D71E9E3F20331EAD00156EC9 = {
						CreatedOnToolsVersion = 9.2;
						ProvisioningStyle = Automatic;
					};
				};
			};
			buildConfigurationList = D71E9E3B20331EAD00156EC9 /* Build configuration list for PBXProject "tableView exe1" */;
			compatibilityVersion = "Xcode 8.0";
			developmentRegion = en;
			hasScannedForEncodings = 0;
			knownRegions = (
				en,
				Base,
			);
			mainGroup = D71E9E3720331EAD00156EC9;
			productRefGroup = D71E9E4120331EAD00156EC9 /* Products */;
			projectDirPath = "";
			projectRoot = "";
			targets = (
				D71E9E3F20331EAD00156EC9 /* tableView exe1 */,
			);
		};
/* End PBXProject section */

/* Begin PBXResourcesBuildPhase section */
		D71E9E3E20331EAD00156EC9 /* Resources */ = {
			isa = PBXResourcesBuildPhase;
			buildActionMask = 2147483647;
			files = (
				D71E9E4E20331EAD00156EC9 /* LaunchScreen.storyboard in Resources */,
				D71E9E4B20331EAD00156EC9 /* Assets.xcassets in Resources */,
				D71E9E4920331EAD00156EC9 /* Main.storyboard in Resources */,
			);
			runOnlyForDeploymentPostprocessing = 0;
		};
/* End PBXResourcesBuildPhase section */

/* Begin PBXSourcesBuildPhase section */
		D71E9E3C20331EAD00156EC9 /* Sources */ = {
			isa = PBXSourcesBuildPhase;
			buildActionMask = 2147483647;
			files = (
				D71E9E4420331EAD00156EC9 /* AppDelegate.swift in Sources */,
				D71E9E5A2033511C00156EC9 /* Video.swift in Sources */,
				D71E9E5620331FAD00156EC9 /* ViedeoListScreen.swift in Sources */,
				D71E9E5820332A2A00156EC9 /* VideoCell.swift in Sources */,
			);
			runOnlyForDeploymentPostprocessing = 0;
		};
/* End PBXSourcesBuildPhase section */

/* Begin PBXVariantGroup section */
		D71E9E4720331EAD00156EC9 /* Main.storyboard */ = {
			isa = PBXVariantGroup;
			children = (
				D71E9E4820331EAD00156EC9 /* Base */,
			);
			name = Main.storyboard;
			sourceTree = "<group>";
		};
		D71E9E4C20331EAD00156EC9 /* LaunchScreen.storyboard */ = {
			isa = PBXVariantGroup;
			children = (
				D71E9E4D20331EAD00156EC9 /* Base */,
			);
			name = LaunchScreen.storyboard;
			sourceTree = "<group>";
		};
/* End PBXVariantGroup section */

/* Begin XCBuildConfiguration section */
		D71E9E5020331EAD00156EC9 /* Debug */ = {
			isa = XCBuildConfiguration;
			buildSettings = {
				ALWAYS_SEARCH_USER_PATHS = NO;
				CLANG_ANALYZER_NONNULL = YES;
				CLANG_ANALYZER_NUMBER_OBJECT_CONVERSION = YES_AGGRESSIVE;
				CLANG_CXX_LANGUAGE_STANDARD = "gnu++14";
				CLANG_CXX_LIBRARY = "libc++";
				CLANG_ENABLE_MODULES = YES;
				CLANG_ENABLE_OBJC_ARC = YES;
				CLANG_WARN_BLOCK_CAPTURE_AUTORELEASING = YES;
				CLANG_WARN_BOOL_CONVERSION = YES;
				CLANG_WARN_COMMA = YES;
				CLANG_WARN_CONSTANT_CONVERSION = YES;
				CLANG_WARN_DIRECT_OBJC_ISA_USAGE = YES_ERROR;
				CLANG_WARN_DOCUMENTATION_COMMENTS = YES;
				CLANG_WARN_EMPTY_BODY = YES;
				CLANG_WARN_ENUM_CONVERSION = YES;
				CLANG_WARN_INFINITE_RECURSION = YES;
				CLANG_WARN_INT_CONVERSION = YES;
				CLANG_WARN_NON_LITERAL_NULL_CONVERSION = YES;
				CLANG_WARN_OBJC_LITERAL_CONVERSION = YES;
				CLANG_WARN_OBJC_ROOT_CLASS = YES_ERROR;
				CLANG_WARN_RANGE_LOOP_ANALYSIS = YES;
				CLANG_WARN_STRICT_PROTOTYPES = YES;
				CLANG_WARN_SUSPICIOUS_MOVE = YES;
				CLANG_WARN_UNGUARDED_AVAILABILITY = YES_AGGRESSIVE;
				CLANG_WARN_UNREACHABLE_CODE = YES;
				CLANG_WARN__DUPLICATE_METHOD_MATCH = YES;
				CODE_SIGN_IDENTITY = "iPhone Developer";
				COPY_PHASE_STRIP = NO;
				DEBUG_INFORMATION_FORMAT = dwarf;
				ENABLE_STRICT_OBJC_MSGSEND = YES;
				ENABLE_TESTABILITY = YES;
				GCC_C_LANGUAGE_STANDARD = gnu11;
				GCC_DYNAMIC_NO_PIC = NO;
				GCC_NO_COMMON_BLOCKS = YES;
				GCC_OPTIMIZATION_LEVEL = 0;
				GCC_PREPROCESSOR_DEFINITIONS = (
					"DEBUG=1",
					"$(inherited)",
				);
				GCC_WARN_64_TO_32_BIT_CONVERSION = YES;
				GCC_WARN_ABOUT_RETURN_TYPE = YES_ERROR;
				GCC_WARN_UNDECLARED_SELECTOR = YES;
				GCC_WARN_UNINITIALIZED_AUTOS = YES_AGGRESSIVE;
				GCC_WARN_UNUSED_FUNCTION = YES;
				GCC_WARN_UNUSED_VARIABLE = YES;
				IPHONEOS_DEPLOYMENT_TARGET = 11.2;
				MTL_ENABLE_DEBUG_INFO = YES;
				ONLY_ACTIVE_ARCH = YES;
				SDKROOT = iphoneos;
				SWIFT_ACTIVE_COMPILATION_CONDITIONS = DEBUG;
				SWIFT_OPTIMIZATION_LEVEL = "-Onone";
			};
			name = Debug;
		};
		D71E9E5120331EAD00156EC9 /* Release */ = {
			isa = XCBuildConfiguration;
			buildSettings = {
				ALWAYS_SEARCH_USER_PATHS = NO;
				CLANG_ANALYZER_NONNULL = YES;
				CLANG_ANALYZER_NUMBER_OBJECT_CONVERSION = YES_AGGRESSIVE;
				CLANG_CXX_LANGUAGE_STANDARD = "gnu++14";
				CLANG_CXX_LIBRARY = "libc++";
				CLANG_ENABLE_MODULES = YES;
				CLANG_ENABLE_OBJC_ARC = YES;
				CLANG_WARN_BLOCK_CAPTURE_AUTORELEASING = YES;
				CLANG_WARN_BOOL_CONVERSION = YES;
				CLANG_WARN_COMMA = YES;
				CLANG_WARN_CONSTANT_CONVERSION = YES;
				CLANG_WARN_DIRECT_OBJC_ISA_USAGE = YES_ERROR;
				CLANG_WARN_DOCUMENTATION_COMMENTS = YES;
				CLANG_WARN_EMPTY_BODY = YES;
				CLANG_WARN_ENUM_CONVERSION = YES;
				CLANG_WARN_INFINITE_RECURSION = YES;
				CLANG_WARN_INT_CONVERSION = YES;
				CLANG_WARN_NON_LITERAL_NULL_CONVERSION = YES;
				CLANG_WARN_OBJC_LITERAL_CONVERSION = YES;
				CLANG_WARN_OBJC_ROOT_CLASS = YES_ERROR;
				CLANG_WARN_RANGE_LOOP_ANALYSIS = YES;
				CLANG_WARN_STRICT_PROTOTYPES = YES;
				CLANG_WARN_SUSPICIOUS_MOVE = YES;
				CLANG_WARN_UNGUARDED_AVAILABILITY = YES_AGGRESSIVE;
				CLANG_WARN_UNREACHABLE_CODE = YES;
				CLANG_WARN__DUPLICATE_METHOD_MATCH = YES;
				CODE_SIGN_IDENTITY = "iPhone Developer";
				COPY_PHASE_STRIP = NO;
				DEBUG_INFORMATION_FORMAT = "dwarf-with-dsym";
				ENABLE_NS_ASSERTIONS = NO;
				ENABLE_STRICT_OBJC_MSGSEND = YES;
				GCC_C_LANGUAGE_STANDARD = gnu11;
				GCC_NO_COMMON_BLOCKS = YES;
				GCC_WARN_64_TO_32_BIT_CONVERSION = YES;
				GCC_WARN_ABOUT_RETURN_TYPE = YES_ERROR;
				GCC_WARN_UNDECLARED_SELECTOR = YES;
				GCC_WARN_UNINITIALIZED_AUTOS = YES_AGGRESSIVE;
				GCC_WARN_UNUSED_FUNCTION = YES;
				GCC_WARN_UNUSED_VARIABLE = YES;
				IPHONEOS_DEPLOYMENT_TARGET = 11.2;
				MTL_ENABLE_DEBUG_INFO = NO;
				SDKROOT = iphoneos;
				SWIFT_OPTIMIZATION_LEVEL = "-Owholemodule";
				VALIDATE_PRODUCT = YES;
			};
			name = Release;
		};
		D71E9E5320331EAD00156EC9 /* Debug */ = {
			isa = XCBuildConfiguration;
			buildSettings = {
				ASSETCATALOG_COMPILER_APPICON_NAME = AppIcon;
				CODE_SIGN_STYLE = Automatic;
				INFOPLIST_FILE = "tableView exe1/Info.plist";
				LD_RUNPATH_SEARCH_PATHS = "$(inherited) @executable_path/Frameworks";
				PRODUCT_BUNDLE_IDENTIFIER = "com.ishayt.tableView-exe1";
				PRODUCT_NAME = "$(TARGET_NAME)";
				SWIFT_VERSION = 4.0;
				TARGETED_DEVICE_FAMILY = "1,2";
			};
			name = Debug;
		};
		D71E9E5420331EAD00156EC9 /* Release */ = {
			isa = XCBuildConfiguration;
			buildSettings = {
				ASSETCATALOG_COMPILER_APPICON_NAME = AppIcon;
				CODE_SIGN_STYLE = Automatic;
				INFOPLIST_FILE = "tableView exe1/Info.plist";
				LD_RUNPATH_SEARCH_PATHS = "$(inherited) @executable_path/Frameworks";
				PRODUCT_BUNDLE_IDENTIFIER = "com.ishayt.tableView-exe1";
				PRODUCT_NAME = "$(TARGET_NAME)";
				SWIFT_VERSION = 4.0;
				TARGETED_DEVICE_FAMILY = "1,2";
			};
			name = Release;
		};
/* End XCBuildConfiguration section */

/* Begin XCConfigurationList section */
		D71E9E3B20331EAD00156EC9 /* Build configuration list for PBXProject "tableView exe1" */ = {
			isa = XCConfigurationList;
			buildConfigurations = (
				D71E9E5020331EAD00156EC9 /* Debug */,
				D71E9E5120331EAD00156EC9 /* Release */,
			);
			defaultConfigurationIsVisible = 0;
			defaultConfigurationName = Release;
		};
		D71E9E5220331EAD00156EC9 /* Build configuration list for PBXNativeTarget "tableView exe1" */ = {
			isa = XCConfigurationList;
			buildConfigurations = (
				D71E9E5320331EAD00156EC9 /* Debug */,
				D71E9E5420331EAD00156EC9 /* Release */,
			);
			defaultConfigurationIsVisible = 0;
			defaultConfigurationName = Release;
		};
/* End XCConfigurationList section */
	};
	rootObject = D71E9E3820331EAD00156EC9 /* Project object */;
}
